{
  "name": "whatsapp-bot",
  "version": "1.0.0",
  "lockfileVersion": 2,
  "requires": true,
  "dependencies": {
    "dotenv": {
      "version": "16.3.1",
      "resolved": "https://registry.npmjs.org/dotenv/-/dotenv-16.3.1.tgz",
      "integrity": "sha512-XXXXXX"
    },
    "puppeteer": {
      "version": "21.9.0",
      "resolved": "https://registry.npmjs.org/puppeteer/-/puppeteer-21.9.0.tgz",
      "integrity": "sha512-XXXXXX"
    }
  }
}

